
Microsoft Visual Studio Solution File, Format Version 12.00
# Visual Studio Version 17
VisualStudioVersion = 17.7.34003.232
MinimumVisualStudioVersion = 10.0.40219.1
Project("{888888A0-9F3D-457C-B088-3A5042F75D52}") = "Bioinformatyka_strukturalna_Ramachandran", "Bioinformatyka_strukturalna_Ramachandran.pyproj", "{9FDF3243-1A8D-40C4-B2EE-B77D76BFB90D}"
EndProject
Global
	GlobalSection(SolutionConfigurationPlatforms) = preSolution
		Debug|Any CPU = Debug|Any CPU
		Release|Any CPU = Release|Any CPU
	EndGlobalSection
	GlobalSection(ProjectConfigurationPlatforms) = postSolution
		{9FDF3243-1A8D-40C4-B2EE-B77D76BFB90D}.Debug|Any CPU.ActiveCfg = Debug|Any CPU
		{9FDF3243-1A8D-40C4-B2EE-B77D76BFB90D}.Release|Any CPU.ActiveCfg = Release|Any CPU
	EndGlobalSection
	GlobalSection(SolutionProperties) = preSolution
		HideSolutionNode = FALSE
	EndGlobalSection
	GlobalSection(ExtensibilityGlobals) = postSolution
		SolutionGuid = {CD5DB720-D8F7-4EBE-A3E9-CF95F7F5438C}
	EndGlobalSection
EndGlobal
